
Microsoft Visual Studio Solution File, Format Version 12.00
# Visual Studio 15
VisualStudioVersion = 15.0.27428.2005
MinimumVisualStudioVersion = 10.0.40219.1
Project("{8BC9CEB8-8B4A-11D0-8D11-00A0C91BC942}") = "LDIEncoder", "LDIEncoder.vcxproj", "{6992C9B9-0BB3-4C6C-BD71-AE9E1031FDAD}"
EndProject
Global
	GlobalSection(SolutionConfigurationPlatforms) = preSolution
		Debug|x86 = Debug|x86
		Release|x86 = Release|x86
	EndGlobalSection
	GlobalSection(ProjectConfigurationPlatforms) = postSolution
		{6992C9B9-0BB3-4C6C-BD71-AE9E1031FDAD}.Debug|x86.ActiveCfg = Debug|Win32
		{6992C9B9-0BB3-4C6C-BD71-AE9E1031FDAD}.Debug|x86.Build.0 = Debug|Win32
		{6992C9B9-0BB3-4C6C-BD71-AE9E1031FDAD}.Release|x86.ActiveCfg = Release|Win32
		{6992C9B9-0BB3-4C6C-BD71-AE9E1031FDAD}.Release|x86.Build.0 = Release|Win32
	EndGlobalSection
	GlobalSection(SolutionProperties) = preSolution
		HideSolutionNode = FALSE
	EndGlobalSection
	GlobalSection(ExtensibilityGlobals) = postSolution
		SolutionGuid = {0C31BCB8-7ED2-47B7-A3B6-155F430C1891}
	EndGlobalSection
EndGlobal
